{
  "pins" : [
    {
      "identity" : "coretextswift",
      "kind" : "remoteSourceControl",
      "location" : "https://github.com/krzyzanowskim/CoreTextSwift",
      "state" : {
        "revision" : "833177201d6421e6322296f39fce6ff6ae52618a",
        "version" : "0.2.0"
      }
    },
    {
      "identity" : "runestone",
      "kind" : "remoteSourceControl",
      "location" : "https://github.com/simonbs/Runestone.git",
      "state" : {
        "revision" : "1fad339aab99cf2136ce6bf8c32da3265b2e85e5",
        "version" : "0.5.1"
      }
    },
    {
      "identity" : "sttextkitplus",
      "kind" : "remoteSourceControl",
      "location" : "https://github.com/krzyzanowskim/STTextKitPlus",
      "state" : {
        "revision" : "446d6d431b163840ac5cc844ca5cf4704886c30e",
        "version" : "0.1.8"
      }
    },
    {
      "identity" : "sttextview",
      "kind" : "remoteSourceControl",
      "location" : "https://github.com/krzyzanowskim/STTextView",
      "state" : {
        "revision" : "78c612ce519f787160d6a517ef1693e938afc942",
        "version" : "2.0.2"
      }
    },
    {
      "identity" : "tree-sitter",
      "kind" : "remoteSourceControl",
      "location" : "https://github.com/tree-sitter/tree-sitter",
      "state" : {
        "revision" : "98be227227af10cc7a269cb3ffb23686c0610b17",
        "version" : "0.20.9"
      }
    }
  ],
  "version" : 2
}
